// !$*UTF8*$!
{
	archiveVersion = 1;
	classes = {
	};
	objectVersion = 46;
	objects = {

/* Begin PBXBuildFile section */
		CC16BF9E1DDA46C60013C04A /* AppDelegate.swift in Sources */ = {isa = PBXBuildFile; fileRef = CC16BF9D1DDA46C60013C04A /* AppDelegate.swift */; };
		CC16BFA01DDA46C60013C04A /* EhVC.swift in Sources */ = {isa = PBXBuildFile; fileRef = CC16BF9F1DDA46C60013C04A /* EhVC.swift */; };
		CC16BFA21DDA46C60013C04A /* BeeVC.swift in Sources */ = {isa = PBXBuildFile; fileRef = CC16BFA11DDA46C60013C04A /* BeeVC.swift */; };
		CC16BFA51DDA46C60013C04A /* Main.storyboard in Resources */ = {isa = PBXBuildFile; fileRef = CC16BFA31DDA46C60013C04A /* Main.storyboard */; };
		CC16BFA71DDA46C60013C04A /* Assets.xcassets in Resources */ = {isa = PBXBuildFile; fileRef = CC16BFA61DDA46C60013C04A /* Assets.xcassets */; };
		CC16BFAA1DDA46C60013C04A /* LaunchScreen.storyboard in Resources */ = {isa = PBXBuildFile; fileRef = CC16BFA81DDA46C60013C04A /* LaunchScreen.storyboard */; };
		CC16BFB41DDA48F70013C04A /* SeaVCViewController.swift in Sources */ = {isa = PBXBuildFile; fileRef = CC16BFB31DDA48F70013C04A /* SeaVCViewController.swift */; };
/* End PBXBuildFile section */

/* Begin PBXFileReference section */
		CC16BF9A1DDA46C60013C04A /* Git-ICE-VA.app */ = {isa = PBXFileReference; explicitFileType = wrapper.application; includeInIndex = 0; path = "Git-ICE-VA.app"; sourceTree = BUILT_PRODUCTS_DIR; };
		CC16BF9D1DDA46C60013C04A /* AppDelegate.swift */ = {isa = PBXFileReference; lastKnownFileType = sourcecode.swift; path = AppDelegate.swift; sourceTree = "<group>"; };
		CC16BF9F1DDA46C60013C04A /* EhVC.swift */ = {isa = PBXFileReference; lastKnownFileType = sourcecode.swift; path = EhVC.swift; sourceTree = "<group>"; };
		CC16BFA11DDA46C60013C04A /* BeeVC.swift */ = {isa = PBXFileReference; lastKnownFileType = sourcecode.swift; path = BeeVC.swift; sourceTree = "<group>"; };
		CC16BFA41DDA46C60013C04A /* Base */ = {isa = PBXFileReference; lastKnownFileType = file.storyboard; name = Base; path = Base.lproj/Main.storyboard; sourceTree = "<group>"; };
		CC16BFA61DDA46C60013C04A /* Assets.xcassets */ = {isa = PBXFileReference; lastKnownFileType = folder.assetcatalog; path = Assets.xcassets; sourceTree = "<group>"; };
		CC16BFA91DDA46C60013C04A /* Base */ = {isa = PBXFileReference; lastKnownFileType = file.storyboard; name = Base; path = Base.lproj/LaunchScreen.storyboard; sourceTree = "<group>"; };
		CC16BFAB1DDA46C60013C04A /* Info.plist */ = {isa = PBXFileReference; lastKnownFileType = text.plist.xml; path = Info.plist; sourceTree = "<group>"; };
		CC16BFB31DDA48F70013C04A /* SeaVCViewController.swift */ = {isa = PBXFileReference; fileEncoding = 4; lastKnownFileType = sourcecode.swift; name = SeaVCViewController.swift; path = ../SeaVCViewController.swift; sourceTree = "<group>"; };
/* End PBXFileReference section */

/* Begin PBXFrameworksBuildPhase section */
		CC16BF971DDA46C60013C04A /* Frameworks */ = {
			isa = PBXFrameworksBuildPhase;
			buildActionMask = 2147483647;
			files = (
			);
			runOnlyForDeploymentPostprocessing = 0;
		};
/* End PBXFrameworksBuildPhase section */

/* Begin PBXGroup section */
		CC16BF911DDA46C60013C04A = {
			isa = PBXGroup;
			children = (
				CC16BF9C1DDA46C60013C04A /* Git-ICE-VA */,
				CC16BF9B1DDA46C60013C04A /* Products */,
			);
			sourceTree = "<group>";
		};
		CC16BF9B1DDA46C60013C04A /* Products */ = {
			isa = PBXGroup;
			children = (
				CC16BF9A1DDA46C60013C04A /* Git-ICE-VA.app */,
			);
			name = Products;
			sourceTree = "<group>";
		};
		CC16BF9C1DDA46C60013C04A /* Git-ICE-VA */ = {
			isa = PBXGroup;
			children = (
				CC16BF9D1DDA46C60013C04A /* AppDelegate.swift */,
				CC16BF9F1DDA46C60013C04A /* EhVC.swift */,
				CC16BFA11DDA46C60013C04A /* BeeVC.swift */,
				CC16BFB31DDA48F70013C04A /* SeaVCViewController.swift */,
				CC16BFA31DDA46C60013C04A /* Main.storyboard */,
				CC16BFA61DDA46C60013C04A /* Assets.xcassets */,
				CC16BFA81DDA46C60013C04A /* LaunchScreen.storyboard */,
				CC16BFAB1DDA46C60013C04A /* Info.plist */,
			);
			path = "Git-ICE-VA";
			sourceTree = "<group>";
		};
/* End PBXGroup section */

/* Begin PBXNativeTarget section */
		CC16BF991DDA46C60013C04A /* Git-ICE-VA */ = {
			isa = PBXNativeTarget;
			buildConfigurationList = CC16BFAE1DDA46C60013C04A /* Build configuration list for PBXNativeTarget "Git-ICE-VA" */;
			buildPhases = (
				CC16BF961DDA46C60013C04A /* Sources */,
				CC16BF971DDA46C60013C04A /* Frameworks */,
				CC16BF981DDA46C60013C04A /* Resources */,
			);
			buildRules = (
			);
			dependencies = (
			);
			name = "Git-ICE-VA";
			productName = "Git-ICE-VA";
			productReference = CC16BF9A1DDA46C60013C04A /* Git-ICE-VA.app */;
			productType = "com.apple.product-type.application";
		};
/* End PBXNativeTarget section */

/* Begin PBXProject section */
		CC16BF921DDA46C60013C04A /* Project object */ = {
			isa = PBXProject;
			attributes = {
				LastSwiftUpdateCheck = 0730;
				LastUpgradeCheck = 0730;
				ORGANIZATIONNAME = "Veerapaneni,Anurag";
				TargetAttributes = {
					CC16BF991DDA46C60013C04A = {
						CreatedOnToolsVersion = 7.3.1;
					};
				};
			};
			buildConfigurationList = CC16BF951DDA46C60013C04A /* Build configuration list for PBXProject "Git-ICE-VA" */;
			compatibilityVersion = "Xcode 3.2";
			developmentRegion = English;
			hasScannedForEncodings = 0;
			knownRegions = (
				en,
				Base,
			);
			mainGroup = CC16BF911DDA46C60013C04A;
			productRefGroup = CC16BF9B1DDA46C60013C04A /* Products */;
			projectDirPath = "";
			projectRoot = "";
			targets = (
				CC16BF991DDA46C60013C04A /* Git-ICE-VA */,
			);
		};
/* End PBXProject section */

/* Begin PBXResourcesBuildPhase section */
		CC16BF981DDA46C60013C04A /* Resources */ = {
			isa = PBXResourcesBuildPhase;
			buildActionMask = 2147483647;
			files = (
				CC16BFAA1DDA46C60013C04A /* LaunchScreen.storyboard in Resources */,
				CC16BFA71DDA46C60013C04A /* Assets.xcassets in Resources */,
				CC16BFA51DDA46C60013C04A /* Main.storyboard in Resources */,
			);
			runOnlyForDeploymentPostprocessing = 0;
		};
/* End PBXResourcesBuildPhase section */

/* Begin PBXSourcesBuildPhase section */
		CC16BF961DDA46C60013C04A /* Sources */ = {
			isa = PBXSourcesBuildPhase;
			buildActionMask = 2147483647;
			files = (
				CC16BFA21DDA46C60013C04A /* BeeVC.swift in Sources */,
				CC16BFB41DDA48F70013C04A /* SeaVCViewController.swift in Sources */,
				CC16BF9E1DDA46C60013C04A /* AppDelegate.swift in Sources */,
				CC16BFA01DDA46C60013C04A /* EhVC.swift in Sources */,
			);
			runOnlyForDeploymentPostprocessing = 0;
		};
/* End PBXSourcesBuildPhase section */

/* Begin PBXVariantGroup section */
		CC16BFA31DDA46C60013C04A /* Main.storyboard */ = {
			isa = PBXVariantGroup;
			children = (
				CC16BFA41DDA46C60013C04A /* Base */,
			);
			name = Main.storyboard;
			sourceTree = "<group>";
		};
		CC16BFA81DDA46C60013C04A /* LaunchScreen.storyboard */ = {
			isa = PBXVariantGroup;
			children = (
				CC16BFA91DDA46C60013C04A /* Base */,
			);
			name = LaunchScreen.storyboard;
			sourceTree = "<group>";
		};
/* End PBXVariantGroup section */

/* Begin XCBuildConfiguration section */
		CC16BFAC1DDA46C60013C04A /* Debug */ = {
			isa = XCBuildConfiguration;
			buildSettings = {
				ALWAYS_SEARCH_USER_PATHS = NO;
				CLANG_ANALYZER_NONNULL = YES;
				CLANG_CXX_LANGUAGE_STANDARD = "gnu++0x";
				CLANG_CXX_LIBRARY = "libc++";
				CLANG_ENABLE_MODULES = YES;
				CLANG_ENABLE_OBJC_ARC = YES;
				CLANG_WARN_BOOL_CONVERSION = YES;
				CLANG_WARN_CONSTANT_CONVERSION = YES;
				CLANG_WARN_DIRECT_OBJC_ISA_USAGE = YES_ERROR;
				CLANG_WARN_EMPTY_BODY = YES;
				CLANG_WARN_ENUM_CONVERSION = YES;
				CLANG_WARN_INT_CONVERSION = YES;
				CLANG_WARN_OBJC_ROOT_CLASS = YES_ERROR;
				CLANG_WARN_UNREACHABLE_CODE = YES;
				CLANG_WARN__DUPLICATE_METHOD_MATCH = YES;
				"CODE_SIGN_IDENTITY[sdk=iphoneos*]" = "iPhone Developer";
				COPY_PHASE_STRIP = NO;
				DEBUG_INFORMATION_FORMAT = dwarf;
				ENABLE_STRICT_OBJC_MSGSEND = YES;
				ENABLE_TESTABILITY = YES;
				GCC_C_LANGUAGE_STANDARD = gnu99;
				GCC_DYNAMIC_NO_PIC = NO;
				GCC_NO_COMMON_BLOCKS = YES;
				GCC_OPTIMIZATION_LEVEL = 0;
				GCC_PREPROCESSOR_DEFINITIONS = (
					"DEBUG=1",
					"$(inherited)",
				);
				GCC_WARN_64_TO_32_BIT_CONVERSION = YES;
				GCC_WARN_ABOUT_RETURN_TYPE = YES_ERROR;
				GCC_WARN_UNDECLARED_SELECTOR = YES;
				GCC_WARN_UNINITIALIZED_AUTOS = YES_AGGRESSIVE;
				GCC_WARN_UNUSED_FUNCTION = YES;
				GCC_WARN_UNUSED_VARIABLE = YES;
				IPHONEOS_DEPLOYMENT_TARGET = 9.3;
				MTL_ENABLE_DEBUG_INFO = YES;
				ONLY_ACTIVE_ARCH = YES;
				SDKROOT = iphoneos;
				SWIFT_OPTIMIZATION_LEVEL = "-Onone";
			};
			name = Debug;
		};
		CC16BFAD1DDA46C60013C04A /* Release */ = {
			isa = XCBuildConfiguration;
			buildSettings = {
				ALWAYS_SEARCH_USER_PATHS = NO;
				CLANG_ANALYZER_NONNULL = YES;
				CLANG_CXX_LANGUAGE_STANDARD = "gnu++0x";
				CLANG_CXX_LIBRARY = "libc++";
				CLANG_ENABLE_MODULES = YES;
				CLANG_ENABLE_OBJC_ARC = YES;
				CLANG_WARN_BOOL_CONVERSION = YES;
				CLANG_WARN_CONSTANT_CONVERSION = YES;
				CLANG_WARN_DIRECT_OBJC_ISA_USAGE = YES_ERROR;
				CLANG_WARN_EMPTY_BODY = YES;
				CLANG_WARN_ENUM_CONVERSION = YES;
				CLANG_WARN_INT_CONVERSION = YES;
				CLANG_WARN_OBJC_ROOT_CLASS = YES_ERROR;
				CLANG_WARN_UNREACHABLE_CODE = YES;
				CLANG_WARN__DUPLICATE_METHOD_MATCH = YES;
				"CODE_SIGN_IDENTITY[sdk=iphoneos*]" = "iPhone Developer";
				COPY_PHASE_STRIP = NO;
				DEBUG_INFORMATION_FORMAT = "dwarf-with-dsym";
				ENABLE_NS_ASSERTIONS = NO;
				ENABLE_STRICT_OBJC_MSGSEND = YES;
				GCC_C_LANGUAGE_STANDARD = gnu99;
				GCC_NO_COMMON_BLOCKS = YES;
				GCC_WARN_64_TO_32_BIT_CONVERSION = YES;
				GCC_WARN_ABOUT_RETURN_TYPE = YES_ERROR;
				GCC_WARN_UNDECLARED_SELECTOR = YES;
				GCC_WARN_UNINITIALIZED_AUTOS = YES_AGGRESSIVE;
				GCC_WARN_UNUSED_FUNCTION = YES;
				GCC_WARN_UNUSED_VARIABLE = YES;
				IPHONEOS_DEPLOYMENT_TARGET = 9.3;
				MTL_ENABLE_DEBUG_INFO = NO;
				SDKROOT = iphoneos;
				VALIDATE_PRODUCT = YES;
			};
			name = Release;
		};
		CC16BFAF1DDA46C60013C04A /* Debug */ = {
			isa = XCBuildConfiguration;
			buildSettings = {
				ASSETCATALOG_COMPILER_APPICON_NAME = AppIcon;
				INFOPLIST_FILE = "Git-ICE-VA/Info.plist";
				LD_RUNPATH_SEARCH_PATHS = "$(inherited) @executable_path/Frameworks";
				PRODUCT_BUNDLE_IDENTIFIER = "edu.nwmissouri.Git-ICE-VA";
				PRODUCT_NAME = "$(TARGET_NAME)";
			};
			name = Debug;
		};
		CC16BFB01DDA46C60013C04A /* Release */ = {
			isa = XCBuildConfiguration;
			buildSettings = {
				ASSETCATALOG_COMPILER_APPICON_NAME = AppIcon;
				INFOPLIST_FILE = "Git-ICE-VA/Info.plist";
				LD_RUNPATH_SEARCH_PATHS = "$(inherited) @executable_path/Frameworks";
				PRODUCT_BUNDLE_IDENTIFIER = "edu.nwmissouri.Git-ICE-VA";
				PRODUCT_NAME = "$(TARGET_NAME)";
			};
			name = Release;
		};
/* End XCBuildConfiguration section */

/* Begin XCConfigurationList section */
		CC16BF951DDA46C60013C04A /* Build configuration list for PBXProject "Git-ICE-VA" */ = {
			isa = XCConfigurationList;
			buildConfigurations = (
				CC16BFAC1DDA46C60013C04A /* Debug */,
				CC16BFAD1DDA46C60013C04A /* Release */,
			);
			defaultConfigurationIsVisible = 0;
			defaultConfigurationName = Release;
		};
		CC16BFAE1DDA46C60013C04A /* Build configuration list for PBXNativeTarget "Git-ICE-VA" */ = {
			isa = XCConfigurationList;
			buildConfigurations = (
				CC16BFAF1DDA46C60013C04A /* Debug */,
				CC16BFB01DDA46C60013C04A /* Release */,
			);
			defaultConfigurationIsVisible = 0;
		};
/* End XCConfigurationList section */
	};
	rootObject = CC16BF921DDA46C60013C04A /* Project object */;
}
